// !$*UTF8*$!
{
	archiveVersion = 1;
	classes = {
	};
	objectVersion = 46;
	objects = {

/* Begin PBXBuildFile section */
		300A6C1F172F119B000380AA /* Security.framework in Frameworks */ = {isa = PBXBuildFile; fileRef = 300A6C1E172F119B000380AA /* Security.framework */; };
		3017AD8715D97FB100C05803 /* UIKit.framework in Frameworks */ = {isa = PBXBuildFile; fileRef = 3017AD8615D97FB100C05803 /* UIKit.framework */; };
		3017AD8915D97FB100C05803 /* Foundation.framework in Frameworks */ = {isa = PBXBuildFile; fileRef = 3017AD8815D97FB100C05803 /* Foundation.framework */; };
		3017AD8B15D97FB100C05803 /* CoreGraphics.framework in Frameworks */ = {isa = PBXBuildFile; fileRef = 3017AD8A15D97FB100C05803 /* CoreGraphics.framework */; };
		3017AD9115D97FB100C05803 /* InfoPlist.strings in Resources */ = {isa = PBXBuildFile; fileRef = 3017AD8F15D97FB100C05803 /* InfoPlist.strings */; };
		3017AD9315D97FB100C05803 /* main.m in Sources */ = {isa = PBXBuildFile; fileRef = 3017AD9215D97FB100C05803 /* main.m */; };
		3017AD9715D97FB100C05803 /* AppDelegate.m in Sources */ = {isa = PBXBuildFile; fileRef = 3017AD9615D97FB100C05803 /* AppDelegate.m */; };
		3017AD9A15D97FB100C05803 /* ViewController.m in Sources */ = {isa = PBXBuildFile; fileRef = 3017AD9915D97FB100C05803 /* ViewController.m */; };
		3017AD9D15D97FB100C05803 /* ViewController.xib in Resources */ = {isa = PBXBuildFile; fileRef = 3017AD9B15D97FB100C05803 /* ViewController.xib */; };
		3017ADAB15D9809000C05803 /* Icon-72.png in Resources */ = {isa = PBXBuildFile; fileRef = 3017ADA715D9809000C05803 /* Icon-72.png */; };
		3017ADAC15D9809000C05803 /* Icon-72@2x.png in Resources */ = {isa = PBXBuildFile; fileRef = 3017ADA815D9809000C05803 /* Icon-72@2x.png */; };
		3017ADAD15D9809000C05803 /* Icon.png in Resources */ = {isa = PBXBuildFile; fileRef = 3017ADA915D9809000C05803 /* Icon.png */; };
		3017ADAE15D9809000C05803 /* Icon@2x.png in Resources */ = {isa = PBXBuildFile; fileRef = 3017ADAA15D9809000C05803 /* Icon@2x.png */; };
		3017AED615D9A0B400C05803 /* ShareViewController.m in Sources */ = {isa = PBXBuildFile; fileRef = 3017AED415D9A0B400C05803 /* ShareViewController.m */; };
		3017AED715D9A0B400C05803 /* ShareViewController.xib in Resources */ = {isa = PBXBuildFile; fileRef = 3017AED515D9A0B400C05803 /* ShareViewController.xib */; };
		30267C00161247F900B7B3CE /* Social.framework in Frameworks */ = {isa = PBXBuildFile; fileRef = 30267BFF161247F900B7B3CE /* Social.framework */; settings = {ATTRIBUTES = (Weak, ); }; };
		303DBDE2160BB78500A05364 /* Accounts.framework in Frameworks */ = {isa = PBXBuildFile; fileRef = 303DBDE1160BB78500A05364 /* Accounts.framework */; settings = {ATTRIBUTES = (Weak, ); }; };
		303DBDE5160BB7F900A05364 /* AdSupport.framework in Frameworks */ = {isa = PBXBuildFile; fileRef = 303DBDE4160BB7F900A05364 /* AdSupport.framework */; settings = {ATTRIBUTES = (Weak, ); }; };
		308053491773DCAF00AEB8FB /* FacebookSDK.framework in Frameworks */ = {isa = PBXBuildFile; fileRef = 308053481773DCAF00AEB8FB /* FacebookSDK.framework */; };
		3080534B1773DCB700AEB8FB /* FacebookSDKResources.bundle in Resources */ = {isa = PBXBuildFile; fileRef = 3080534A1773DCB700AEB8FB /* FacebookSDKResources.bundle */; };
/* End PBXBuildFile section */

/* Begin PBXFileReference section */
		300A6C1E172F119B000380AA /* Security.framework */ = {isa = PBXFileReference; lastKnownFileType = wrapper.framework; name = Security.framework; path = System/Library/Frameworks/Security.framework; sourceTree = SDKROOT; };
		3017AD8215D97FB100C05803 /* PublishFeedHowTo.app */ = {isa = PBXFileReference; explicitFileType = wrapper.application; includeInIndex = 0; path = PublishFeedHowTo.app; sourceTree = BUILT_PRODUCTS_DIR; };
		3017AD8615D97FB100C05803 /* UIKit.framework */ = {isa = PBXFileReference; lastKnownFileType = wrapper.framework; name = UIKit.framework; path = System/Library/Frameworks/UIKit.framework; sourceTree = SDKROOT; };
		3017AD8815D97FB100C05803 /* Foundation.framework */ = {isa = PBXFileReference; lastKnownFileType = wrapper.framework; name = Foundation.framework; path = System/Library/Frameworks/Foundation.framework; sourceTree = SDKROOT; };
		3017AD8A15D97FB100C05803 /* CoreGraphics.framework */ = {isa = PBXFileReference; lastKnownFileType = wrapper.framework; name = CoreGraphics.framework; path = System/Library/Frameworks/CoreGraphics.framework; sourceTree = SDKROOT; };
		3017AD8E15D97FB100C05803 /* PublishFeedHowTo-Info.plist */ = {isa = PBXFileReference; lastKnownFileType = text.plist.xml; path = "PublishFeedHowTo-Info.plist"; sourceTree = "<group>"; };
		3017AD9015D97FB100C05803 /* en */ = {isa = PBXFileReference; lastKnownFileType = text.plist.strings; name = en; path = en.lproj/InfoPlist.strings; sourceTree = "<group>"; };
		3017AD9215D97FB100C05803 /* main.m */ = {isa = PBXFileReference; lastKnownFileType = sourcecode.c.objc; path = main.m; sourceTree = "<group>"; };
		3017AD9415D97FB100C05803 /* PublishFeedHowTo-Prefix.pch */ = {isa = PBXFileReference; lastKnownFileType = sourcecode.c.h; path = "PublishFeedHowTo-Prefix.pch"; sourceTree = "<group>"; };
		3017AD9515D97FB100C05803 /* AppDelegate.h */ = {isa = PBXFileReference; lastKnownFileType = sourcecode.c.h; path = AppDelegate.h; sourceTree = "<group>"; };
		3017AD9615D97FB100C05803 /* AppDelegate.m */ = {isa = PBXFileReference; lastKnownFileType = sourcecode.c.objc; path = AppDelegate.m; sourceTree = "<group>"; };
		3017AD9815D97FB100C05803 /* ViewController.h */ = {isa = PBXFileReference; lastKnownFileType = sourcecode.c.h; path = ViewController.h; sourceTree = "<group>"; };
		3017AD9915D97FB100C05803 /* ViewController.m */ = {isa = PBXFileReference; lastKnownFileType = sourcecode.c.objc; path = ViewController.m; sourceTree = "<group>"; };
		3017AD9C15D97FB100C05803 /* en */ = {isa = PBXFileReference; lastKnownFileType = file.xib; name = en; path = en.lproj/ViewController.xib; sourceTree = "<group>"; };
		3017ADA715D9809000C05803 /* Icon-72.png */ = {isa = PBXFileReference; lastKnownFileType = image.png; path = "Icon-72.png"; sourceTree = "<group>"; };
		3017ADA815D9809000C05803 /* Icon-72@2x.png */ = {isa = PBXFileReference; lastKnownFileType = image.png; path = "Icon-72@2x.png"; sourceTree = "<group>"; };
		3017ADA915D9809000C05803 /* Icon.png */ = {isa = PBXFileReference; lastKnownFileType = image.png; path = Icon.png; sourceTree = "<group>"; };
		3017ADAA15D9809000C05803 /* Icon@2x.png */ = {isa = PBXFileReference; lastKnownFileType = image.png; path = "Icon@2x.png"; sourceTree = "<group>"; };
		3017AED315D9A0B400C05803 /* ShareViewController.h */ = {isa = PBXFileReference; fileEncoding = 4; lastKnownFileType = sourcecode.c.h; path = ShareViewController.h; sourceTree = "<group>"; };
		3017AED415D9A0B400C05803 /* ShareViewController.m */ = {isa = PBXFileReference; fileEncoding = 4; lastKnownFileType = sourcecode.c.objc; path = ShareViewController.m; sourceTree = "<group>"; };
		3017AED515D9A0B400C05803 /* ShareViewController.xib */ = {isa = PBXFileReference; fileEncoding = 4; lastKnownFileType = file.xib; path = ShareViewController.xib; sourceTree = "<group>"; };
		30267BFF161247F900B7B3CE /* Social.framework */ = {isa = PBXFileReference; lastKnownFileType = wrapper.framework; name = Social.framework; path = System/Library/Frameworks/Social.framework; sourceTree = SDKROOT; };
		303DBDE1160BB78500A05364 /* Accounts.framework */ = {isa = PBXFileReference; lastKnownFileType = wrapper.framework; name = Accounts.framework; path = System/Library/Frameworks/Accounts.framework; sourceTree = SDKROOT; };
		303DBDE4160BB7F900A05364 /* AdSupport.framework */ = {isa = PBXFileReference; lastKnownFileType = wrapper.framework; name = AdSupport.framework; path = System/Library/Frameworks/AdSupport.framework; sourceTree = SDKROOT; };
		308053481773DCAF00AEB8FB /* FacebookSDK.framework */ = {isa = PBXFileReference; lastKnownFileType = wrapper.framework; name = FacebookSDK.framework; path = ../../../../../../Documents/FacebookSDK/FacebookSDK.framework; sourceTree = "<group>"; };
		3080534A1773DCB700AEB8FB /* FacebookSDKResources.bundle */ = {isa = PBXFileReference; lastKnownFileType = "wrapper.plug-in"; name = FacebookSDKResources.bundle; path = ../../../../../../Documents/FacebookSDK/FacebookSDK.framework/Versions/A/Resources/FacebookSDKResources.bundle; sourceTree = "<group>"; };
/* End PBXFileReference section */

/* Begin PBXFrameworksBuildPhase section */
		3017AD7F15D97FB100C05803 /* Frameworks */ = {
			isa = PBXFrameworksBuildPhase;
			buildActionMask = 2147483647;
			files = (
				300A6C1F172F119B000380AA /* Security.framework in Frameworks */,
				30267C00161247F900B7B3CE /* Social.framework in Frameworks */,
				303DBDE5160BB7F900A05364 /* AdSupport.framework in Frameworks */,
				303DBDE2160BB78500A05364 /* Accounts.framework in Frameworks */,
				3017AD8715D97FB100C05803 /* UIKit.framework in Frameworks */,
				3017AD8915D97FB100C05803 /* Foundation.framework in Frameworks */,
				3017AD8B15D97FB100C05803 /* CoreGraphics.framework in Frameworks */,
				308053491773DCAF00AEB8FB /* FacebookSDK.framework in Frameworks */,
			);
			runOnlyForDeploymentPostprocessing = 0;
		};
/* End PBXFrameworksBuildPhase section */

/* Begin PBXGroup section */
		3017AD7715D97FB100C05803 = {
			isa = PBXGroup;
			children = (
				3017AD8C15D97FB100C05803 /* PublishFeedHowTo */,
				3017AD8515D97FB100C05803 /* Frameworks */,
				3017AD8315D97FB100C05803 /* Products */,
			);
			sourceTree = "<group>";
		};
		3017AD8315D97FB100C05803 /* Products */ = {
			isa = PBXGroup;
			children = (
				3017AD8215D97FB100C05803 /* PublishFeedHowTo.app */,
			);
			name = Products;
			sourceTree = "<group>";
		};
		3017AD8515D97FB100C05803 /* Frameworks */ = {
			isa = PBXGroup;
			children = (
				3080534A1773DCB700AEB8FB /* FacebookSDKResources.bundle */,
				308053481773DCAF00AEB8FB /* FacebookSDK.framework */,
				300A6C1E172F119B000380AA /* Security.framework */,
				303DBDE1160BB78500A05364 /* Accounts.framework */,
				303DBDE4160BB7F900A05364 /* AdSupport.framework */,
				30267BFF161247F900B7B3CE /* Social.framework */,
				3017AD8615D97FB100C05803 /* UIKit.framework */,
				3017AD8815D97FB100C05803 /* Foundation.framework */,
				3017AD8A15D97FB100C05803 /* CoreGraphics.framework */,
			);
			name = Frameworks;
			sourceTree = "<group>";
		};
		3017AD8C15D97FB100C05803 /* PublishFeedHowTo */ = {
			isa = PBXGroup;
			children = (
				3017AD9515D97FB100C05803 /* AppDelegate.h */,
				3017AD9615D97FB100C05803 /* AppDelegate.m */,
				3017AD9815D97FB100C05803 /* ViewController.h */,
				3017AD9915D97FB100C05803 /* ViewController.m */,
				3017AD9B15D97FB100C05803 /* ViewController.xib */,
				3017AED315D9A0B400C05803 /* ShareViewController.h */,
				3017AED415D9A0B400C05803 /* ShareViewController.m */,
				3017AED515D9A0B400C05803 /* ShareViewController.xib */,
				3017AD8D15D97FB100C05803 /* Supporting Files */,
			);
			path = PublishFeedHowTo;
			sourceTree = "<group>";
		};
		3017AD8D15D97FB100C05803 /* Supporting Files */ = {
			isa = PBXGroup;
			children = (
				3017ADA715D9809000C05803 /* Icon-72.png */,
				3017ADA815D9809000C05803 /* Icon-72@2x.png */,
				3017ADA915D9809000C05803 /* Icon.png */,
				3017ADAA15D9809000C05803 /* Icon@2x.png */,
				3017AD8E15D97FB100C05803 /* PublishFeedHowTo-Info.plist */,
				3017AD8F15D97FB100C05803 /* InfoPlist.strings */,
				3017AD9215D97FB100C05803 /* main.m */,
				3017AD9415D97FB100C05803 /* PublishFeedHowTo-Prefix.pch */,
			);
			name = "Supporting Files";
			sourceTree = "<group>";
		};
/* End PBXGroup section */

/* Begin PBXNativeTarget section */
		3017AD8115D97FB100C05803 /* PublishFeedHowTo */ = {
			isa = PBXNativeTarget;
			buildConfigurationList = 3017ADA015D97FB100C05803 /* Build configuration list for PBXNativeTarget "PublishFeedHowTo" */;
			buildPhases = (
				3017AD7E15D97FB100C05803 /* Sources */,
				3017AD7F15D97FB100C05803 /* Frameworks */,
				3017AD8015D97FB100C05803 /* Resources */,
			);
			buildRules = (
			);
			dependencies = (
			);
			name = PublishFeedHowTo;
			productName = PublishFeedHowTo;
			productReference = 3017AD8215D97FB100C05803 /* PublishFeedHowTo.app */;
			productType = "com.apple.product-type.application";
		};
/* End PBXNativeTarget section */

/* Begin PBXProject section */
		3017AD7915D97FB100C05803 /* Project object */ = {
			isa = PBXProject;
			attributes = {
				LastUpgradeCheck = 0440;
				ORGANIZATIONNAME = "Facebook Inc.";
			};
			buildConfigurationList = 3017AD7C15D97FB100C05803 /* Build configuration list for PBXProject "PublishFeedHowTo" */;
			compatibilityVersion = "Xcode 3.2";
			developmentRegion = English;
			hasScannedForEncodings = 0;
			knownRegions = (
				en,
			);
			mainGroup = 3017AD7715D97FB100C05803;
			productRefGroup = 3017AD8315D97FB100C05803 /* Products */;
			projectDirPath = "";
			projectRoot = "";
			targets = (
				3017AD8115D97FB100C05803 /* PublishFeedHowTo */,
			);
		};
/* End PBXProject section */

/* Begin PBXResourcesBuildPhase section */
		3017AD8015D97FB100C05803 /* Resources */ = {
			isa = PBXResourcesBuildPhase;
			buildActionMask = 2147483647;
			files = (
				3017AD9115D97FB100C05803 /* InfoPlist.strings in Resources */,
				3017AD9D15D97FB100C05803 /* ViewController.xib in Resources */,
				3017ADAB15D9809000C05803 /* Icon-72.png in Resources */,
				3017ADAC15D9809000C05803 /* Icon-72@2x.png in Resources */,
				3017ADAD15D9809000C05803 /* Icon.png in Resources */,
				3017ADAE15D9809000C05803 /* Icon@2x.png in Resources */,
				3017AED715D9A0B400C05803 /* ShareViewController.xib in Resources */,
				3080534B1773DCB700AEB8FB /* FacebookSDKResources.bundle in Resources */,
			);
			runOnlyForDeploymentPostprocessing = 0;
		};
/* End PBXResourcesBuildPhase section */

/* Begin PBXSourcesBuildPhase section */
		3017AD7E15D97FB100C05803 /* Sources */ = {
			isa = PBXSourcesBuildPhase;
			buildActionMask = 2147483647;
			files = (
				3017AD9315D97FB100C05803 /* main.m in Sources */,
				3017AD9715D97FB100C05803 /* AppDelegate.m in Sources */,
				3017AD9A15D97FB100C05803 /* ViewController.m in Sources */,
				3017AED615D9A0B400C05803 /* ShareViewController.m in Sources */,
			);
			runOnlyForDeploymentPostprocessing = 0;
		};
/* End PBXSourcesBuildPhase section */

/* Begin PBXVariantGroup section */
		3017AD8F15D97FB100C05803 /* InfoPlist.strings */ = {
			isa = PBXVariantGroup;
			children = (
				3017AD9015D97FB100C05803 /* en */,
			);
			name = InfoPlist.strings;
			sourceTree = "<group>";
		};
		3017AD9B15D97FB100C05803 /* ViewController.xib */ = {
			isa = PBXVariantGroup;
			children = (
				3017AD9C15D97FB100C05803 /* en */,
			);
			name = ViewController.xib;
			sourceTree = "<group>";
		};
/* End PBXVariantGroup section */

/* Begin XCBuildConfiguration section */
		3017AD9E15D97FB100C05803 /* Debug */ = {
			isa = XCBuildConfiguration;
			buildSettings = {
				ALWAYS_SEARCH_USER_PATHS = NO;
				ARCHS = "$(ARCHS_STANDARD_32_BIT)";
				CLANG_CXX_LANGUAGE_STANDARD = "gnu++0x";
				CLANG_ENABLE_OBJC_ARC = YES;
				CLANG_WARN__DUPLICATE_METHOD_MATCH = YES;
				"CODE_SIGN_IDENTITY[sdk=iphoneos*]" = "iPhone Developer";
				COPY_PHASE_STRIP = NO;
				GCC_C_LANGUAGE_STANDARD = gnu99;
				GCC_DYNAMIC_NO_PIC = NO;
				GCC_OPTIMIZATION_LEVEL = 0;
				GCC_PREPROCESSOR_DEFINITIONS = (
					"DEBUG=1",
					"$(inherited)",
				);
				GCC_SYMBOLS_PRIVATE_EXTERN = NO;
				GCC_VERSION = com.apple.compilers.llvm.clang.1_0;
				GCC_WARN_ABOUT_RETURN_TYPE = YES;
				GCC_WARN_UNINITIALIZED_AUTOS = YES;
				GCC_WARN_UNUSED_VARIABLE = YES;
				IPHONEOS_DEPLOYMENT_TARGET = 5.0;
				OTHER_LDFLAGS = (
					"-lsqlite3.0",
					"-ObjC",
				);
				SDKROOT = iphoneos;
			};
			name = Debug;
		};
		3017AD9F15D97FB100C05803 /* Release */ = {
			isa = XCBuildConfiguration;
			buildSettings = {
				ALWAYS_SEARCH_USER_PATHS = NO;
				ARCHS = "$(ARCHS_STANDARD_32_BIT)";
				CLANG_CXX_LANGUAGE_STANDARD = "gnu++0x";
				CLANG_ENABLE_OBJC_ARC = YES;
				CLANG_WARN__DUPLICATE_METHOD_MATCH = YES;
				"CODE_SIGN_IDENTITY[sdk=iphoneos*]" = "iPhone Developer";
				COPY_PHASE_STRIP = YES;
				GCC_C_LANGUAGE_STANDARD = gnu99;
				GCC_VERSION = com.apple.compilers.llvm.clang.1_0;
				GCC_WARN_ABOUT_RETURN_TYPE = YES;
				GCC_WARN_UNINITIALIZED_AUTOS = YES;
				GCC_WARN_UNUSED_VARIABLE = YES;
				IPHONEOS_DEPLOYMENT_TARGET = 5.0;
				OTHER_CFLAGS = "-DNS_BLOCK_ASSERTIONS=1";
				OTHER_LDFLAGS = (
					"-lsqlite3.0",
					"-ObjC",
				);
				SDKROOT = iphoneos;
				VALIDATE_PRODUCT = YES;
			};
			name = Release;
		};
		3017ADA115D97FB100C05803 /* Debug */ = {
			isa = XCBuildConfiguration;
			buildSettings = {
				FRAMEWORK_SEARCH_PATHS = (
					"$(inherited)",
					"\"$(SRCROOT)/../../../../../Documents/FacebookSDK\"",
					"\"$(SRCROOT)/../../../../../../Documents/FacebookSDK\"",
				);
				GCC_PRECOMPILE_PREFIX_HEADER = YES;
				GCC_PREFIX_HEADER = "PublishFeedHowTo/PublishFeedHowTo-Prefix.pch";
				INFOPLIST_FILE = "PublishFeedHowTo/PublishFeedHowTo-Info.plist";
				PRODUCT_NAME = "$(TARGET_NAME)";
				WRAPPER_EXTENSION = app;
			};
			name = Debug;
		};
		3017ADA215D97FB100C05803 /* Release */ = {
			isa = XCBuildConfiguration;
			buildSettings = {
				FRAMEWORK_SEARCH_PATHS = (
					"$(inherited)",
					"\"$(SRCROOT)/../../../../../Documents/FacebookSDK\"",
					"\"$(SRCROOT)/../../../../../../Documents/FacebookSDK\"",
				);
				GCC_PRECOMPILE_PREFIX_HEADER = YES;
				GCC_PREFIX_HEADER = "PublishFeedHowTo/PublishFeedHowTo-Prefix.pch";
				INFOPLIST_FILE = "PublishFeedHowTo/PublishFeedHowTo-Info.plist";
				PRODUCT_NAME = "$(TARGET_NAME)";
				WRAPPER_EXTENSION = app;
			};
			name = Release;
		};
/* End XCBuildConfiguration section */

/* Begin XCConfigurationList section */
		3017AD7C15D97FB100C05803 /* Build configuration list for PBXProject "PublishFeedHowTo" */ = {
			isa = XCConfigurationList;
			buildConfigurations = (
				3017AD9E15D97FB100C05803 /* Debug */,
				3017AD9F15D97FB100C05803 /* Release */,
			);
			defaultConfigurationIsVisible = 0;
			defaultConfigurationName = Release;
		};
		3017ADA015D97FB100C05803 /* Build configuration list for PBXNativeTarget "PublishFeedHowTo" */ = {
			isa = XCConfigurationList;
			buildConfigurations = (
				3017ADA115D97FB100C05803 /* Debug */,
				3017ADA215D97FB100C05803 /* Release */,
			);
			defaultConfigurationIsVisible = 0;
			defaultConfigurationName = Release;
		};
/* End XCConfigurationList section */
	};
	rootObject = 3017AD7915D97FB100C05803 /* Project object */;
}
