// !$*UTF8*$!
{
	archiveVersion = 1;
	classes = {
	};
	objectVersion = 46;
	objects = {

/* Begin PBXBuildFile section */
		300A6C1D172F1011000380AA /* Security.framework in Frameworks */ = {isa = PBXBuildFile; fileRef = 300A6C1C172F1011000380AA /* Security.framework */; };
		3017AF0E15D9E0E200C05803 /* FacebookSDK.framework in Frameworks */ = {isa = PBXBuildFile; fileRef = 3017AF0D15D9E0E200C05803 /* FacebookSDK.framework */; };
		3017AF1115D9E0EC00C05803 /* FacebookSDKResources.bundle in Resources */ = {isa = PBXBuildFile; fileRef = 3017AF1015D9E0EC00C05803 /* FacebookSDKResources.bundle */; };
		30267BF9161247C300B7B3CE /* Social.framework in Frameworks */ = {isa = PBXBuildFile; fileRef = 30267BF8161247C300B7B3CE /* Social.framework */; settings = {ATTRIBUTES = (Weak, ); }; };
		303D815515D402CE003FA617 /* UIKit.framework in Frameworks */ = {isa = PBXBuildFile; fileRef = 303D815415D402CE003FA617 /* UIKit.framework */; };
		303D815715D402CE003FA617 /* Foundation.framework in Frameworks */ = {isa = PBXBuildFile; fileRef = 303D815615D402CE003FA617 /* Foundation.framework */; };
		303D815915D402CE003FA617 /* CoreGraphics.framework in Frameworks */ = {isa = PBXBuildFile; fileRef = 303D815815D402CE003FA617 /* CoreGraphics.framework */; };
		303D815F15D402CE003FA617 /* InfoPlist.strings in Resources */ = {isa = PBXBuildFile; fileRef = 303D815D15D402CE003FA617 /* InfoPlist.strings */; };
		303D816115D402CE003FA617 /* main.m in Sources */ = {isa = PBXBuildFile; fileRef = 303D816015D402CE003FA617 /* main.m */; };
		303D816515D402CE003FA617 /* AppDelegate.m in Sources */ = {isa = PBXBuildFile; fileRef = 303D816415D402CE003FA617 /* AppDelegate.m */; };
		303D816815D402CE003FA617 /* ViewController.m in Sources */ = {isa = PBXBuildFile; fileRef = 303D816715D402CE003FA617 /* ViewController.m */; };
		303D816B15D402CE003FA617 /* ViewController.xib in Resources */ = {isa = PBXBuildFile; fileRef = 303D816915D402CE003FA617 /* ViewController.xib */; };
		303D817D15D404FC003FA617 /* Icon-72.png in Resources */ = {isa = PBXBuildFile; fileRef = 303D817915D404FC003FA617 /* Icon-72.png */; };
		303D817E15D404FC003FA617 /* Icon-72@2x.png in Resources */ = {isa = PBXBuildFile; fileRef = 303D817A15D404FC003FA617 /* Icon-72@2x.png */; };
		303D817F15D404FC003FA617 /* Icon.png in Resources */ = {isa = PBXBuildFile; fileRef = 303D817B15D404FC003FA617 /* Icon.png */; };
		303D818015D404FC003FA617 /* Icon@2x.png in Resources */ = {isa = PBXBuildFile; fileRef = 303D817C15D404FC003FA617 /* Icon@2x.png */; };
		308DFAEA160C2C7A00AF6812 /* Accounts.framework in Frameworks */ = {isa = PBXBuildFile; fileRef = 308DFAE9160C2C7A00AF6812 /* Accounts.framework */; settings = {ATTRIBUTES = (Weak, ); }; };
		308DFAED160C2C8000AF6812 /* AdSupport.framework in Frameworks */ = {isa = PBXBuildFile; fileRef = 308DFAEC160C2C8000AF6812 /* AdSupport.framework */; settings = {ATTRIBUTES = (Weak, ); }; };
/* End PBXBuildFile section */

/* Begin PBXFileReference section */
		300A6C1C172F1011000380AA /* Security.framework */ = {isa = PBXFileReference; lastKnownFileType = wrapper.framework; name = Security.framework; path = System/Library/Frameworks/Security.framework; sourceTree = SDKROOT; };
		3017AF0D15D9E0E200C05803 /* FacebookSDK.framework */ = {isa = PBXFileReference; lastKnownFileType = wrapper.framework; name = FacebookSDK.framework; path = ../../../../../Documents/FacebookSDK/FacebookSDK.framework; sourceTree = "<group>"; };
		3017AF1015D9E0EC00C05803 /* FacebookSDKResources.bundle */ = {isa = PBXFileReference; lastKnownFileType = "wrapper.plug-in"; name = FacebookSDKResources.bundle; path = ../../../../../Documents/FacebookSDK/FacebookSDK.framework/Versions/A/Resources/FacebookSDKResources.bundle; sourceTree = "<group>"; };
		30267BF8161247C300B7B3CE /* Social.framework */ = {isa = PBXFileReference; lastKnownFileType = wrapper.framework; name = Social.framework; path = System/Library/Frameworks/Social.framework; sourceTree = SDKROOT; };
		303D815015D402CE003FA617 /* LoginHowTo.app */ = {isa = PBXFileReference; explicitFileType = wrapper.application; includeInIndex = 0; path = LoginHowTo.app; sourceTree = BUILT_PRODUCTS_DIR; };
		303D815415D402CE003FA617 /* UIKit.framework */ = {isa = PBXFileReference; lastKnownFileType = wrapper.framework; name = UIKit.framework; path = System/Library/Frameworks/UIKit.framework; sourceTree = SDKROOT; };
		303D815615D402CE003FA617 /* Foundation.framework */ = {isa = PBXFileReference; lastKnownFileType = wrapper.framework; name = Foundation.framework; path = System/Library/Frameworks/Foundation.framework; sourceTree = SDKROOT; };
		303D815815D402CE003FA617 /* CoreGraphics.framework */ = {isa = PBXFileReference; lastKnownFileType = wrapper.framework; name = CoreGraphics.framework; path = System/Library/Frameworks/CoreGraphics.framework; sourceTree = SDKROOT; };
		303D815C15D402CE003FA617 /* LoginHowTo-Info.plist */ = {isa = PBXFileReference; lastKnownFileType = text.plist.xml; path = "LoginHowTo-Info.plist"; sourceTree = "<group>"; };
		303D815E15D402CE003FA617 /* en */ = {isa = PBXFileReference; lastKnownFileType = text.plist.strings; name = en; path = en.lproj/InfoPlist.strings; sourceTree = "<group>"; };
		303D816015D402CE003FA617 /* main.m */ = {isa = PBXFileReference; lastKnownFileType = sourcecode.c.objc; path = main.m; sourceTree = "<group>"; };
		303D816215D402CE003FA617 /* LoginHowTo-Prefix.pch */ = {isa = PBXFileReference; lastKnownFileType = sourcecode.c.h; path = "LoginHowTo-Prefix.pch"; sourceTree = "<group>"; };
		303D816315D402CE003FA617 /* AppDelegate.h */ = {isa = PBXFileReference; lastKnownFileType = sourcecode.c.h; path = AppDelegate.h; sourceTree = "<group>"; };
		303D816415D402CE003FA617 /* AppDelegate.m */ = {isa = PBXFileReference; lastKnownFileType = sourcecode.c.objc; path = AppDelegate.m; sourceTree = "<group>"; };
		303D816615D402CE003FA617 /* ViewController.h */ = {isa = PBXFileReference; lastKnownFileType = sourcecode.c.h; path = ViewController.h; sourceTree = "<group>"; };
		303D816715D402CE003FA617 /* ViewController.m */ = {isa = PBXFileReference; lastKnownFileType = sourcecode.c.objc; path = ViewController.m; sourceTree = "<group>"; };
		303D816A15D402CE003FA617 /* en */ = {isa = PBXFileReference; lastKnownFileType = file.xib; name = en; path = en.lproj/ViewController.xib; sourceTree = "<group>"; };
		303D817915D404FC003FA617 /* Icon-72.png */ = {isa = PBXFileReference; lastKnownFileType = image.png; path = "Icon-72.png"; sourceTree = "<group>"; };
		303D817A15D404FC003FA617 /* Icon-72@2x.png */ = {isa = PBXFileReference; lastKnownFileType = image.png; path = "Icon-72@2x.png"; sourceTree = "<group>"; };
		303D817B15D404FC003FA617 /* Icon.png */ = {isa = PBXFileReference; lastKnownFileType = image.png; path = Icon.png; sourceTree = "<group>"; };
		303D817C15D404FC003FA617 /* Icon@2x.png */ = {isa = PBXFileReference; lastKnownFileType = image.png; path = "Icon@2x.png"; sourceTree = "<group>"; };
		308DFAE9160C2C7A00AF6812 /* Accounts.framework */ = {isa = PBXFileReference; lastKnownFileType = wrapper.framework; name = Accounts.framework; path = System/Library/Frameworks/Accounts.framework; sourceTree = SDKROOT; };
		308DFAEC160C2C8000AF6812 /* AdSupport.framework */ = {isa = PBXFileReference; lastKnownFileType = wrapper.framework; name = AdSupport.framework; path = System/Library/Frameworks/AdSupport.framework; sourceTree = SDKROOT; };
/* End PBXFileReference section */

/* Begin PBXFrameworksBuildPhase section */
		303D814D15D402CE003FA617 /* Frameworks */ = {
			isa = PBXFrameworksBuildPhase;
			buildActionMask = 2147483647;
			files = (
				300A6C1D172F1011000380AA /* Security.framework in Frameworks */,
				30267BF9161247C300B7B3CE /* Social.framework in Frameworks */,
				308DFAED160C2C8000AF6812 /* AdSupport.framework in Frameworks */,
				308DFAEA160C2C7A00AF6812 /* Accounts.framework in Frameworks */,
				303D815515D402CE003FA617 /* UIKit.framework in Frameworks */,
				303D815715D402CE003FA617 /* Foundation.framework in Frameworks */,
				303D815915D402CE003FA617 /* CoreGraphics.framework in Frameworks */,
				3017AF0E15D9E0E200C05803 /* FacebookSDK.framework in Frameworks */,
			);
			runOnlyForDeploymentPostprocessing = 0;
		};
/* End PBXFrameworksBuildPhase section */

/* Begin PBXGroup section */
		303D814515D402CE003FA617 = {
			isa = PBXGroup;
			children = (
				303D815A15D402CE003FA617 /* HowTo */,
				303D815315D402CE003FA617 /* Frameworks */,
				303D815115D402CE003FA617 /* Products */,
			);
			sourceTree = "<group>";
		};
		303D815115D402CE003FA617 /* Products */ = {
			isa = PBXGroup;
			children = (
				303D815015D402CE003FA617 /* LoginHowTo.app */,
			);
			name = Products;
			sourceTree = "<group>";
		};
		303D815315D402CE003FA617 /* Frameworks */ = {
			isa = PBXGroup;
			children = (
				300A6C1C172F1011000380AA /* Security.framework */,
				3017AF1015D9E0EC00C05803 /* FacebookSDKResources.bundle */,
				3017AF0D15D9E0E200C05803 /* FacebookSDK.framework */,
				308DFAEC160C2C8000AF6812 /* AdSupport.framework */,
				308DFAE9160C2C7A00AF6812 /* Accounts.framework */,
				30267BF8161247C300B7B3CE /* Social.framework */,
				303D815415D402CE003FA617 /* UIKit.framework */,
				303D815615D402CE003FA617 /* Foundation.framework */,
				303D815815D402CE003FA617 /* CoreGraphics.framework */,
			);
			name = Frameworks;
			sourceTree = "<group>";
		};
		303D815A15D402CE003FA617 /* HowTo */ = {
			isa = PBXGroup;
			children = (
				303D816315D402CE003FA617 /* AppDelegate.h */,
				303D816415D402CE003FA617 /* AppDelegate.m */,
				303D816615D402CE003FA617 /* ViewController.h */,
				303D816715D402CE003FA617 /* ViewController.m */,
				303D816915D402CE003FA617 /* ViewController.xib */,
				303D815B15D402CE003FA617 /* Supporting Files */,
			);
			path = HowTo;
			sourceTree = "<group>";
		};
		303D815B15D402CE003FA617 /* Supporting Files */ = {
			isa = PBXGroup;
			children = (
				303D817915D404FC003FA617 /* Icon-72.png */,
				303D817A15D404FC003FA617 /* Icon-72@2x.png */,
				303D817B15D404FC003FA617 /* Icon.png */,
				303D817C15D404FC003FA617 /* Icon@2x.png */,
				303D815C15D402CE003FA617 /* LoginHowTo-Info.plist */,
				303D815D15D402CE003FA617 /* InfoPlist.strings */,
				303D816015D402CE003FA617 /* main.m */,
				303D816215D402CE003FA617 /* LoginHowTo-Prefix.pch */,
			);
			name = "Supporting Files";
			sourceTree = "<group>";
		};
/* End PBXGroup section */

/* Begin PBXNativeTarget section */
		303D814F15D402CE003FA617 /* LoginHowTo */ = {
			isa = PBXNativeTarget;
			buildConfigurationList = 303D816E15D402CE003FA617 /* Build configuration list for PBXNativeTarget "LoginHowTo" */;
			buildPhases = (
				303D814C15D402CE003FA617 /* Sources */,
				303D814D15D402CE003FA617 /* Frameworks */,
				303D814E15D402CE003FA617 /* Resources */,
			);
			buildRules = (
			);
			dependencies = (
			);
			name = LoginHowTo;
			productName = HowTo;
			productReference = 303D815015D402CE003FA617 /* LoginHowTo.app */;
			productType = "com.apple.product-type.application";
		};
/* End PBXNativeTarget section */

/* Begin PBXProject section */
		303D814715D402CE003FA617 /* Project object */ = {
			isa = PBXProject;
			attributes = {
				LastUpgradeCheck = 0440;
				ORGANIZATIONNAME = "Facebook Inc.";
			};
			buildConfigurationList = 303D814A15D402CE003FA617 /* Build configuration list for PBXProject "LoginHowTo" */;
			compatibilityVersion = "Xcode 3.2";
			developmentRegion = English;
			hasScannedForEncodings = 0;
			knownRegions = (
				en,
			);
			mainGroup = 303D814515D402CE003FA617;
			productRefGroup = 303D815115D402CE003FA617 /* Products */;
			projectDirPath = "";
			projectRoot = "";
			targets = (
				303D814F15D402CE003FA617 /* LoginHowTo */,
			);
		};
/* End PBXProject section */

/* Begin PBXResourcesBuildPhase section */
		303D814E15D402CE003FA617 /* Resources */ = {
			isa = PBXResourcesBuildPhase;
			buildActionMask = 2147483647;
			files = (
				303D815F15D402CE003FA617 /* InfoPlist.strings in Resources */,
				303D816B15D402CE003FA617 /* ViewController.xib in Resources */,
				303D817D15D404FC003FA617 /* Icon-72.png in Resources */,
				303D817E15D404FC003FA617 /* Icon-72@2x.png in Resources */,
				303D817F15D404FC003FA617 /* Icon.png in Resources */,
				303D818015D404FC003FA617 /* Icon@2x.png in Resources */,
				3017AF1115D9E0EC00C05803 /* FacebookSDKResources.bundle in Resources */,
			);
			runOnlyForDeploymentPostprocessing = 0;
		};
/* End PBXResourcesBuildPhase section */

/* Begin PBXSourcesBuildPhase section */
		303D814C15D402CE003FA617 /* Sources */ = {
			isa = PBXSourcesBuildPhase;
			buildActionMask = 2147483647;
			files = (
				303D816115D402CE003FA617 /* main.m in Sources */,
				303D816515D402CE003FA617 /* AppDelegate.m in Sources */,
				303D816815D402CE003FA617 /* ViewController.m in Sources */,
			);
			runOnlyForDeploymentPostprocessing = 0;
		};
/* End PBXSourcesBuildPhase section */

/* Begin PBXVariantGroup section */
		303D815D15D402CE003FA617 /* InfoPlist.strings */ = {
			isa = PBXVariantGroup;
			children = (
				303D815E15D402CE003FA617 /* en */,
			);
			name = InfoPlist.strings;
			sourceTree = "<group>";
		};
		303D816915D402CE003FA617 /* ViewController.xib */ = {
			isa = PBXVariantGroup;
			children = (
				303D816A15D402CE003FA617 /* en */,
			);
			name = ViewController.xib;
			sourceTree = "<group>";
		};
/* End PBXVariantGroup section */

/* Begin XCBuildConfiguration section */
		303D816C15D402CE003FA617 /* Debug */ = {
			isa = XCBuildConfiguration;
			buildSettings = {
				ALWAYS_SEARCH_USER_PATHS = NO;
				ARCHS = "$(ARCHS_STANDARD_32_BIT)";
				CLANG_CXX_LANGUAGE_STANDARD = "gnu++0x";
				CLANG_ENABLE_OBJC_ARC = YES;
				CLANG_WARN__DUPLICATE_METHOD_MATCH = YES;
				"CODE_SIGN_IDENTITY[sdk=iphoneos*]" = "iPhone Developer";
				COPY_PHASE_STRIP = NO;
				GCC_C_LANGUAGE_STANDARD = gnu99;
				GCC_DYNAMIC_NO_PIC = NO;
				GCC_OPTIMIZATION_LEVEL = 0;
				GCC_PREPROCESSOR_DEFINITIONS = (
					"DEBUG=1",
					"$(inherited)",
				);
				GCC_SYMBOLS_PRIVATE_EXTERN = NO;
				GCC_VERSION = com.apple.compilers.llvm.clang.1_0;
				GCC_WARN_ABOUT_RETURN_TYPE = YES;
				GCC_WARN_UNINITIALIZED_AUTOS = YES;
				GCC_WARN_UNUSED_VARIABLE = YES;
				IPHONEOS_DEPLOYMENT_TARGET = 5.0;
				OTHER_LDFLAGS = (
					"-lsqlite3.0",
					"-ObjC",
				);
				SDKROOT = iphoneos;
			};
			name = Debug;
		};
		303D816D15D402CE003FA617 /* Release */ = {
			isa = XCBuildConfiguration;
			buildSettings = {
				ALWAYS_SEARCH_USER_PATHS = NO;
				ARCHS = "$(ARCHS_STANDARD_32_BIT)";
				CLANG_CXX_LANGUAGE_STANDARD = "gnu++0x";
				CLANG_ENABLE_OBJC_ARC = YES;
				CLANG_WARN__DUPLICATE_METHOD_MATCH = YES;
				"CODE_SIGN_IDENTITY[sdk=iphoneos*]" = "iPhone Developer";
				COPY_PHASE_STRIP = YES;
				GCC_C_LANGUAGE_STANDARD = gnu99;
				GCC_VERSION = com.apple.compilers.llvm.clang.1_0;
				GCC_WARN_ABOUT_RETURN_TYPE = YES;
				GCC_WARN_UNINITIALIZED_AUTOS = YES;
				GCC_WARN_UNUSED_VARIABLE = YES;
				IPHONEOS_DEPLOYMENT_TARGET = 5.0;
				OTHER_CFLAGS = "-DNS_BLOCK_ASSERTIONS=1";
				OTHER_LDFLAGS = (
					"-lsqlite3.0",
					"-ObjC",
				);
				SDKROOT = iphoneos;
				VALIDATE_PRODUCT = YES;
			};
			name = Release;
		};
		303D816F15D402CE003FA617 /* Debug */ = {
			isa = XCBuildConfiguration;
			buildSettings = {
				FRAMEWORK_SEARCH_PATHS = (
					"$(inherited)",
					"\"$(SRCROOT)/../../../../../Documents/FacebookSDK\"",
				);
				GCC_PRECOMPILE_PREFIX_HEADER = YES;
				GCC_PREFIX_HEADER = "HowTo/LoginHowTo-Prefix.pch";
				INFOPLIST_FILE = "HowTo/LoginHowTo-Info.plist";
				PRODUCT_NAME = LoginHowTo;
				WRAPPER_EXTENSION = app;
			};
			name = Debug;
		};
		303D817015D402CE003FA617 /* Release */ = {
			isa = XCBuildConfiguration;
			buildSettings = {
				FRAMEWORK_SEARCH_PATHS = (
					"$(inherited)",
					"\"$(SRCROOT)/../../../../../Documents/FacebookSDK\"",
				);
				GCC_PRECOMPILE_PREFIX_HEADER = YES;
				GCC_PREFIX_HEADER = "HowTo/LoginHowTo-Prefix.pch";
				INFOPLIST_FILE = "HowTo/LoginHowTo-Info.plist";
				PRODUCT_NAME = LoginHowTo;
				WRAPPER_EXTENSION = app;
			};
			name = Release;
		};
/* End XCBuildConfiguration section */

/* Begin XCConfigurationList section */
		303D814A15D402CE003FA617 /* Build configuration list for PBXProject "LoginHowTo" */ = {
			isa = XCConfigurationList;
			buildConfigurations = (
				303D816C15D402CE003FA617 /* Debug */,
				303D816D15D402CE003FA617 /* Release */,
			);
			defaultConfigurationIsVisible = 0;
			defaultConfigurationName = Release;
		};
		303D816E15D402CE003FA617 /* Build configuration list for PBXNativeTarget "LoginHowTo" */ = {
			isa = XCConfigurationList;
			buildConfigurations = (
				303D816F15D402CE003FA617 /* Debug */,
				303D817015D402CE003FA617 /* Release */,
			);
			defaultConfigurationIsVisible = 0;
			defaultConfigurationName = Release;
		};
/* End XCConfigurationList section */
	};
	rootObject = 303D814715D402CE003FA617 /* Project object */;
}
