// !$*UTF8*$!
{
	archiveVersion = 1;
	classes = {
	};
	objectVersion = 46;
	objects = {

/* Begin PBXBuildFile section */
		300A6C13172F0EB9000380AA /* Security.framework in Frameworks */ = {isa = PBXBuildFile; fileRef = 300A6C12172F0EB9000380AA /* Security.framework */; };
		3017AF3215DAA85F00C05803 /* UIKit.framework in Frameworks */ = {isa = PBXBuildFile; fileRef = 3017AF3115DAA85F00C05803 /* UIKit.framework */; };
		3017AF3415DAA85F00C05803 /* Foundation.framework in Frameworks */ = {isa = PBXBuildFile; fileRef = 3017AF3315DAA85F00C05803 /* Foundation.framework */; };
		3017AF3615DAA85F00C05803 /* CoreGraphics.framework in Frameworks */ = {isa = PBXBuildFile; fileRef = 3017AF3515DAA85F00C05803 /* CoreGraphics.framework */; };
		3017AF3C15DAA85F00C05803 /* InfoPlist.strings in Resources */ = {isa = PBXBuildFile; fileRef = 3017AF3A15DAA85F00C05803 /* InfoPlist.strings */; };
		3017AF3E15DAA85F00C05803 /* main.m in Sources */ = {isa = PBXBuildFile; fileRef = 3017AF3D15DAA85F00C05803 /* main.m */; };
		3017AF4215DAA85F00C05803 /* AppDelegate.m in Sources */ = {isa = PBXBuildFile; fileRef = 3017AF4115DAA85F00C05803 /* AppDelegate.m */; };
		3017AF4515DAA85F00C05803 /* ViewController.m in Sources */ = {isa = PBXBuildFile; fileRef = 3017AF4415DAA85F00C05803 /* ViewController.m */; };
		3017AF4815DAA85F00C05803 /* ViewController.xib in Resources */ = {isa = PBXBuildFile; fileRef = 3017AF4615DAA85F00C05803 /* ViewController.xib */; };
		3017AF7C15DAB4D600C05803 /* Icon-72.png in Resources */ = {isa = PBXBuildFile; fileRef = 3017AF7815DAB4D600C05803 /* Icon-72.png */; };
		3017AF7D15DAB4D600C05803 /* Icon-72@2x.png in Resources */ = {isa = PBXBuildFile; fileRef = 3017AF7915DAB4D600C05803 /* Icon-72@2x.png */; };
		3017AF7E15DAB4D600C05803 /* Icon.png in Resources */ = {isa = PBXBuildFile; fileRef = 3017AF7A15DAB4D600C05803 /* Icon.png */; };
		3017AF7F15DAB4D600C05803 /* Icon@2x.png in Resources */ = {isa = PBXBuildFile; fileRef = 3017AF7B15DAB4D600C05803 /* Icon@2x.png */; };
		30267BBE161245DE00B7B3CE /* Social.framework in Frameworks */ = {isa = PBXBuildFile; fileRef = 30267BBD161245DD00B7B3CE /* Social.framework */; settings = {ATTRIBUTES = (Weak, ); }; };
		30DB499A160BE71300C2876A /* Accounts.framework in Frameworks */ = {isa = PBXBuildFile; fileRef = 30DB4999160BE71300C2876A /* Accounts.framework */; settings = {ATTRIBUTES = (Weak, ); }; };
		30DB499D160BE71C00C2876A /* AdSupport.framework in Frameworks */ = {isa = PBXBuildFile; fileRef = 30DB499C160BE71C00C2876A /* AdSupport.framework */; settings = {ATTRIBUTES = (Weak, ); }; };
		30E9FC17177277AF00EA20E2 /* FacebookSDK.framework in Frameworks */ = {isa = PBXBuildFile; fileRef = 30E9FC16177277AE00EA20E2 /* FacebookSDK.framework */; };
		30E9FC19177277B800EA20E2 /* FacebookSDKResources.bundle in Resources */ = {isa = PBXBuildFile; fileRef = 30E9FC18177277B800EA20E2 /* FacebookSDKResources.bundle */; };
/* End PBXBuildFile section */

/* Begin PBXFileReference section */
		300A6C12172F0EB9000380AA /* Security.framework */ = {isa = PBXFileReference; lastKnownFileType = wrapper.framework; name = Security.framework; path = System/Library/Frameworks/Security.framework; sourceTree = SDKROOT; };
		3017AF2D15DAA85F00C05803 /* FeedDialogHowTo.app */ = {isa = PBXFileReference; explicitFileType = wrapper.application; includeInIndex = 0; path = FeedDialogHowTo.app; sourceTree = BUILT_PRODUCTS_DIR; };
		3017AF3115DAA85F00C05803 /* UIKit.framework */ = {isa = PBXFileReference; lastKnownFileType = wrapper.framework; name = UIKit.framework; path = System/Library/Frameworks/UIKit.framework; sourceTree = SDKROOT; };
		3017AF3315DAA85F00C05803 /* Foundation.framework */ = {isa = PBXFileReference; lastKnownFileType = wrapper.framework; name = Foundation.framework; path = System/Library/Frameworks/Foundation.framework; sourceTree = SDKROOT; };
		3017AF3515DAA85F00C05803 /* CoreGraphics.framework */ = {isa = PBXFileReference; lastKnownFileType = wrapper.framework; name = CoreGraphics.framework; path = System/Library/Frameworks/CoreGraphics.framework; sourceTree = SDKROOT; };
		3017AF3915DAA85F00C05803 /* FeedDialogHowTo-Info.plist */ = {isa = PBXFileReference; lastKnownFileType = text.plist.xml; path = "FeedDialogHowTo-Info.plist"; sourceTree = "<group>"; };
		3017AF3B15DAA85F00C05803 /* en */ = {isa = PBXFileReference; lastKnownFileType = text.plist.strings; name = en; path = en.lproj/InfoPlist.strings; sourceTree = "<group>"; };
		3017AF3D15DAA85F00C05803 /* main.m */ = {isa = PBXFileReference; lastKnownFileType = sourcecode.c.objc; path = main.m; sourceTree = "<group>"; };
		3017AF3F15DAA85F00C05803 /* FeedDialogHowTo-Prefix.pch */ = {isa = PBXFileReference; lastKnownFileType = sourcecode.c.h; path = "FeedDialogHowTo-Prefix.pch"; sourceTree = "<group>"; };
		3017AF4015DAA85F00C05803 /* AppDelegate.h */ = {isa = PBXFileReference; lastKnownFileType = sourcecode.c.h; path = AppDelegate.h; sourceTree = "<group>"; };
		3017AF4115DAA85F00C05803 /* AppDelegate.m */ = {isa = PBXFileReference; lastKnownFileType = sourcecode.c.objc; path = AppDelegate.m; sourceTree = "<group>"; };
		3017AF4315DAA85F00C05803 /* ViewController.h */ = {isa = PBXFileReference; lastKnownFileType = sourcecode.c.h; path = ViewController.h; sourceTree = "<group>"; };
		3017AF4415DAA85F00C05803 /* ViewController.m */ = {isa = PBXFileReference; lastKnownFileType = sourcecode.c.objc; path = ViewController.m; sourceTree = "<group>"; };
		3017AF4715DAA85F00C05803 /* en */ = {isa = PBXFileReference; lastKnownFileType = file.xib; name = en; path = en.lproj/ViewController.xib; sourceTree = "<group>"; };
		3017AF7815DAB4D600C05803 /* Icon-72.png */ = {isa = PBXFileReference; lastKnownFileType = image.png; path = "Icon-72.png"; sourceTree = "<group>"; };
		3017AF7915DAB4D600C05803 /* Icon-72@2x.png */ = {isa = PBXFileReference; lastKnownFileType = image.png; path = "Icon-72@2x.png"; sourceTree = "<group>"; };
		3017AF7A15DAB4D600C05803 /* Icon.png */ = {isa = PBXFileReference; lastKnownFileType = image.png; path = Icon.png; sourceTree = "<group>"; };
		3017AF7B15DAB4D600C05803 /* Icon@2x.png */ = {isa = PBXFileReference; lastKnownFileType = image.png; path = "Icon@2x.png"; sourceTree = "<group>"; };
		30267BBD161245DD00B7B3CE /* Social.framework */ = {isa = PBXFileReference; lastKnownFileType = wrapper.framework; name = Social.framework; path = System/Library/Frameworks/Social.framework; sourceTree = SDKROOT; };
		30DB4999160BE71300C2876A /* Accounts.framework */ = {isa = PBXFileReference; lastKnownFileType = wrapper.framework; name = Accounts.framework; path = System/Library/Frameworks/Accounts.framework; sourceTree = SDKROOT; };
		30DB499C160BE71C00C2876A /* AdSupport.framework */ = {isa = PBXFileReference; lastKnownFileType = wrapper.framework; name = AdSupport.framework; path = System/Library/Frameworks/AdSupport.framework; sourceTree = SDKROOT; };
		30E9FC16177277AE00EA20E2 /* FacebookSDK.framework */ = {isa = PBXFileReference; lastKnownFileType = wrapper.framework; name = FacebookSDK.framework; path = ../../../../../../Documents/FacebookSDK/FacebookSDK.framework; sourceTree = "<group>"; };
		30E9FC18177277B800EA20E2 /* FacebookSDKResources.bundle */ = {isa = PBXFileReference; lastKnownFileType = "wrapper.plug-in"; name = FacebookSDKResources.bundle; path = ../../../../../../Documents/FacebookSDK/FacebookSDK.framework/Versions/A/Resources/FacebookSDKResources.bundle; sourceTree = "<group>"; };
/* End PBXFileReference section */

/* Begin PBXFrameworksBuildPhase section */
		3017AF2A15DAA85F00C05803 /* Frameworks */ = {
			isa = PBXFrameworksBuildPhase;
			buildActionMask = 2147483647;
			files = (
				300A6C13172F0EB9000380AA /* Security.framework in Frameworks */,
				30267BBE161245DE00B7B3CE /* Social.framework in Frameworks */,
				30DB499D160BE71C00C2876A /* AdSupport.framework in Frameworks */,
				30DB499A160BE71300C2876A /* Accounts.framework in Frameworks */,
				3017AF3215DAA85F00C05803 /* UIKit.framework in Frameworks */,
				3017AF3415DAA85F00C05803 /* Foundation.framework in Frameworks */,
				3017AF3615DAA85F00C05803 /* CoreGraphics.framework in Frameworks */,
				30E9FC17177277AF00EA20E2 /* FacebookSDK.framework in Frameworks */,
			);
			runOnlyForDeploymentPostprocessing = 0;
		};
/* End PBXFrameworksBuildPhase section */

/* Begin PBXGroup section */
		3017AF2215DAA85F00C05803 = {
			isa = PBXGroup;
			children = (
				3017AF3715DAA85F00C05803 /* FeedDialogHowTo */,
				3017AF3015DAA85F00C05803 /* Frameworks */,
				3017AF2E15DAA85F00C05803 /* Products */,
			);
			sourceTree = "<group>";
		};
		3017AF2E15DAA85F00C05803 /* Products */ = {
			isa = PBXGroup;
			children = (
				3017AF2D15DAA85F00C05803 /* FeedDialogHowTo.app */,
			);
			name = Products;
			sourceTree = "<group>";
		};
		3017AF3015DAA85F00C05803 /* Frameworks */ = {
			isa = PBXGroup;
			children = (
				30E9FC18177277B800EA20E2 /* FacebookSDKResources.bundle */,
				30E9FC16177277AE00EA20E2 /* FacebookSDK.framework */,
				300A6C12172F0EB9000380AA /* Security.framework */,
				30DB499C160BE71C00C2876A /* AdSupport.framework */,
				30DB4999160BE71300C2876A /* Accounts.framework */,
				30267BBD161245DD00B7B3CE /* Social.framework */,
				3017AF3115DAA85F00C05803 /* UIKit.framework */,
				3017AF3315DAA85F00C05803 /* Foundation.framework */,
				3017AF3515DAA85F00C05803 /* CoreGraphics.framework */,
			);
			name = Frameworks;
			sourceTree = "<group>";
		};
		3017AF3715DAA85F00C05803 /* FeedDialogHowTo */ = {
			isa = PBXGroup;
			children = (
				3017AF4015DAA85F00C05803 /* AppDelegate.h */,
				3017AF4115DAA85F00C05803 /* AppDelegate.m */,
				3017AF4315DAA85F00C05803 /* ViewController.h */,
				3017AF4415DAA85F00C05803 /* ViewController.m */,
				3017AF4615DAA85F00C05803 /* ViewController.xib */,
				3017AF3815DAA85F00C05803 /* Supporting Files */,
			);
			path = FeedDialogHowTo;
			sourceTree = "<group>";
		};
		3017AF3815DAA85F00C05803 /* Supporting Files */ = {
			isa = PBXGroup;
			children = (
				3017AF7815DAB4D600C05803 /* Icon-72.png */,
				3017AF7915DAB4D600C05803 /* Icon-72@2x.png */,
				3017AF7A15DAB4D600C05803 /* Icon.png */,
				3017AF7B15DAB4D600C05803 /* Icon@2x.png */,
				3017AF3915DAA85F00C05803 /* FeedDialogHowTo-Info.plist */,
				3017AF3A15DAA85F00C05803 /* InfoPlist.strings */,
				3017AF3D15DAA85F00C05803 /* main.m */,
				3017AF3F15DAA85F00C05803 /* FeedDialogHowTo-Prefix.pch */,
			);
			name = "Supporting Files";
			sourceTree = "<group>";
		};
/* End PBXGroup section */

/* Begin PBXNativeTarget section */
		3017AF2C15DAA85F00C05803 /* FeedDialogHowTo */ = {
			isa = PBXNativeTarget;
			buildConfigurationList = 3017AF4B15DAA85F00C05803 /* Build configuration list for PBXNativeTarget "FeedDialogHowTo" */;
			buildPhases = (
				3017AF2915DAA85F00C05803 /* Sources */,
				3017AF2A15DAA85F00C05803 /* Frameworks */,
				3017AF2B15DAA85F00C05803 /* Resources */,
			);
			buildRules = (
			);
			dependencies = (
			);
			name = FeedDialogHowTo;
			productName = FeedDialogHowTo;
			productReference = 3017AF2D15DAA85F00C05803 /* FeedDialogHowTo.app */;
			productType = "com.apple.product-type.application";
		};
/* End PBXNativeTarget section */

/* Begin PBXProject section */
		3017AF2415DAA85F00C05803 /* Project object */ = {
			isa = PBXProject;
			attributes = {
				LastUpgradeCheck = 0440;
				ORGANIZATIONNAME = "Facebook Inc.";
			};
			buildConfigurationList = 3017AF2715DAA85F00C05803 /* Build configuration list for PBXProject "FeedDialogHowTo" */;
			compatibilityVersion = "Xcode 3.2";
			developmentRegion = English;
			hasScannedForEncodings = 0;
			knownRegions = (
				en,
			);
			mainGroup = 3017AF2215DAA85F00C05803;
			productRefGroup = 3017AF2E15DAA85F00C05803 /* Products */;
			projectDirPath = "";
			projectRoot = "";
			targets = (
				3017AF2C15DAA85F00C05803 /* FeedDialogHowTo */,
			);
		};
/* End PBXProject section */

/* Begin PBXResourcesBuildPhase section */
		3017AF2B15DAA85F00C05803 /* Resources */ = {
			isa = PBXResourcesBuildPhase;
			buildActionMask = 2147483647;
			files = (
				3017AF3C15DAA85F00C05803 /* InfoPlist.strings in Resources */,
				3017AF4815DAA85F00C05803 /* ViewController.xib in Resources */,
				3017AF7C15DAB4D600C05803 /* Icon-72.png in Resources */,
				3017AF7D15DAB4D600C05803 /* Icon-72@2x.png in Resources */,
				3017AF7E15DAB4D600C05803 /* Icon.png in Resources */,
				3017AF7F15DAB4D600C05803 /* Icon@2x.png in Resources */,
				30E9FC19177277B800EA20E2 /* FacebookSDKResources.bundle in Resources */,
			);
			runOnlyForDeploymentPostprocessing = 0;
		};
/* End PBXResourcesBuildPhase section */

/* Begin PBXSourcesBuildPhase section */
		3017AF2915DAA85F00C05803 /* Sources */ = {
			isa = PBXSourcesBuildPhase;
			buildActionMask = 2147483647;
			files = (
				3017AF3E15DAA85F00C05803 /* main.m in Sources */,
				3017AF4215DAA85F00C05803 /* AppDelegate.m in Sources */,
				3017AF4515DAA85F00C05803 /* ViewController.m in Sources */,
			);
			runOnlyForDeploymentPostprocessing = 0;
		};
/* End PBXSourcesBuildPhase section */

/* Begin PBXVariantGroup section */
		3017AF3A15DAA85F00C05803 /* InfoPlist.strings */ = {
			isa = PBXVariantGroup;
			children = (
				3017AF3B15DAA85F00C05803 /* en */,
			);
			name = InfoPlist.strings;
			sourceTree = "<group>";
		};
		3017AF4615DAA85F00C05803 /* ViewController.xib */ = {
			isa = PBXVariantGroup;
			children = (
				3017AF4715DAA85F00C05803 /* en */,
			);
			name = ViewController.xib;
			sourceTree = "<group>";
		};
/* End PBXVariantGroup section */

/* Begin XCBuildConfiguration section */
		3017AF4915DAA85F00C05803 /* Debug */ = {
			isa = XCBuildConfiguration;
			buildSettings = {
				ALWAYS_SEARCH_USER_PATHS = NO;
				ARCHS = "$(ARCHS_STANDARD_32_BIT)";
				CLANG_CXX_LANGUAGE_STANDARD = "gnu++0x";
				CLANG_ENABLE_OBJC_ARC = YES;
				CLANG_WARN__DUPLICATE_METHOD_MATCH = YES;
				"CODE_SIGN_IDENTITY[sdk=iphoneos*]" = "iPhone Developer";
				COPY_PHASE_STRIP = NO;
				GCC_C_LANGUAGE_STANDARD = gnu99;
				GCC_DYNAMIC_NO_PIC = NO;
				GCC_OPTIMIZATION_LEVEL = 0;
				GCC_PREPROCESSOR_DEFINITIONS = (
					"DEBUG=1",
					"$(inherited)",
				);
				GCC_SYMBOLS_PRIVATE_EXTERN = NO;
				GCC_VERSION = com.apple.compilers.llvm.clang.1_0;
				GCC_WARN_ABOUT_RETURN_TYPE = YES;
				GCC_WARN_UNINITIALIZED_AUTOS = YES;
				GCC_WARN_UNUSED_VARIABLE = YES;
				IPHONEOS_DEPLOYMENT_TARGET = 5.0;
				OTHER_LDFLAGS = (
					"-lsqlite3.0",
					"-ObjC",
				);
				SDKROOT = iphoneos;
			};
			name = Debug;
		};
		3017AF4A15DAA85F00C05803 /* Release */ = {
			isa = XCBuildConfiguration;
			buildSettings = {
				ALWAYS_SEARCH_USER_PATHS = NO;
				ARCHS = "$(ARCHS_STANDARD_32_BIT)";
				CLANG_CXX_LANGUAGE_STANDARD = "gnu++0x";
				CLANG_ENABLE_OBJC_ARC = YES;
				CLANG_WARN__DUPLICATE_METHOD_MATCH = YES;
				"CODE_SIGN_IDENTITY[sdk=iphoneos*]" = "iPhone Developer";
				COPY_PHASE_STRIP = YES;
				GCC_C_LANGUAGE_STANDARD = gnu99;
				GCC_VERSION = com.apple.compilers.llvm.clang.1_0;
				GCC_WARN_ABOUT_RETURN_TYPE = YES;
				GCC_WARN_UNINITIALIZED_AUTOS = YES;
				GCC_WARN_UNUSED_VARIABLE = YES;
				IPHONEOS_DEPLOYMENT_TARGET = 5.0;
				OTHER_CFLAGS = "-DNS_BLOCK_ASSERTIONS=1";
				OTHER_LDFLAGS = (
					"-lsqlite3.0",
					"-ObjC",
				);
				SDKROOT = iphoneos;
				VALIDATE_PRODUCT = YES;
			};
			name = Release;
		};
		3017AF4C15DAA85F00C05803 /* Debug */ = {
			isa = XCBuildConfiguration;
			buildSettings = {
				FRAMEWORK_SEARCH_PATHS = (
					"$(inherited)",
					"\"$(SRCROOT)/../../../../../Documents/FacebookSDK\"",
					"\"$(SRCROOT)/../../../../../../Documents/FacebookSDK\"",
				);
				GCC_PRECOMPILE_PREFIX_HEADER = YES;
				GCC_PREFIX_HEADER = "FeedDialogHowTo/FeedDialogHowTo-Prefix.pch";
				INFOPLIST_FILE = "FeedDialogHowTo/FeedDialogHowTo-Info.plist";
				PRODUCT_NAME = "$(TARGET_NAME)";
				WRAPPER_EXTENSION = app;
			};
			name = Debug;
		};
		3017AF4D15DAA85F00C05803 /* Release */ = {
			isa = XCBuildConfiguration;
			buildSettings = {
				FRAMEWORK_SEARCH_PATHS = (
					"$(inherited)",
					"\"$(SRCROOT)/../../../../../Documents/FacebookSDK\"",
					"\"$(SRCROOT)/../../../../../../Documents/FacebookSDK\"",
				);
				GCC_PRECOMPILE_PREFIX_HEADER = YES;
				GCC_PREFIX_HEADER = "FeedDialogHowTo/FeedDialogHowTo-Prefix.pch";
				INFOPLIST_FILE = "FeedDialogHowTo/FeedDialogHowTo-Info.plist";
				PRODUCT_NAME = "$(TARGET_NAME)";
				WRAPPER_EXTENSION = app;
			};
			name = Release;
		};
/* End XCBuildConfiguration section */

/* Begin XCConfigurationList section */
		3017AF2715DAA85F00C05803 /* Build configuration list for PBXProject "FeedDialogHowTo" */ = {
			isa = XCConfigurationList;
			buildConfigurations = (
				3017AF4915DAA85F00C05803 /* Debug */,
				3017AF4A15DAA85F00C05803 /* Release */,
			);
			defaultConfigurationIsVisible = 0;
			defaultConfigurationName = Release;
		};
		3017AF4B15DAA85F00C05803 /* Build configuration list for PBXNativeTarget "FeedDialogHowTo" */ = {
			isa = XCConfigurationList;
			buildConfigurations = (
				3017AF4C15DAA85F00C05803 /* Debug */,
				3017AF4D15DAA85F00C05803 /* Release */,
			);
			defaultConfigurationIsVisible = 0;
			defaultConfigurationName = Release;
		};
/* End XCConfigurationList section */
	};
	rootObject = 3017AF2415DAA85F00C05803 /* Project object */;
}
